{
  "name": "be-importing",
  "version": "0.0.100",
  "lockfileVersion": 3,
  "requires": true,
  "packages": {
    "": {
      "name": "be-importing",
      "version": "0.0.100",
      "license": "MIT",
      "dependencies": {
        "be-enhanced": "0.0.189",
        "be-hive": "0.0.267",
        "be-written": "0.0.63",
        "trans-render": "0.0.960",
        "xtal-element": "0.0.634"
      },
      "devDependencies": {
        "@playwright/test": "1.55.1",
        "spa-ssi": "0.0.23"
      }
    },
    "node_modules/@playwright/test": {
      "version": "1.55.1",
      "resolved": "https://registry.npmjs.org/@playwright/test/-/test-1.55.1.tgz",
      "integrity": "sha512-IVAh/nOJaw6W9g+RJVlIQJ6gSiER+ae6mKQ5CX1bERzQgbC1VSeBlwdvczT7pxb0GWiyrxH4TGKbMfDb4Sq/ig==",
      "dev": true,
      "license": "Apache-2.0",
      "dependencies": {
        "playwright": "1.55.1"
      },
      "bin": {
        "playwright": "cli.js"
      },
      "engines": {
        "node": ">=18"
      }
    },
    "node_modules/be-a-beacon": {
      "version": "0.0.75",
      "resolved": "https://registry.npmjs.org/be-a-beacon/-/be-a-beacon-0.0.75.tgz",
      "integrity": "sha512-A629yBSwM149d5NrAWGomUt1qE3InJGmYd6lIiEAyxV7HSTqxfu1YPlQefQPK6LYyFC18MBhn3iU5dL3wntrLA==",
      "license": "MIT",
      "dependencies": {
        "be-enhanced": "0.0.188",
        "be-hive": "0.0.266",
        "mount-observer": "0.0.102",
        "trans-render": "0.0.958"
      }
    },
    "node_modules/be-a-beacon/node_modules/be-enhanced": {
      "version": "0.0.188",
      "resolved": "https://registry.npmjs.org/be-enhanced/-/be-enhanced-0.0.188.tgz",
      "integrity": "sha512-SLi3+JCGxh3bVK4f4c5TxBaPyRtmDjcN0OICXSPXsgLh93FfBwFYwNDgGNSYgBncUYCGcEwUGN11+QyPnIRYEg==",
      "license": "MIT",
      "dependencies": {
        "trans-render": "0.0.958"
      }
    },
    "node_modules/be-a-beacon/node_modules/be-hive": {
      "version": "0.0.266",
      "resolved": "https://registry.npmjs.org/be-hive/-/be-hive-0.0.266.tgz",
      "integrity": "sha512-LVlmW4KJrYghpF2cxHEZl+QjGBkM3ZQlXUsOoKhnI4ExpDLJHWW7uwXyjpT0OYDeqTzaMvoJAD5YS0mXxXjpRA==",
      "license": "MIT",
      "dependencies": {
        "be-enhanced": "0.0.188",
        "mount-observer": "0.0.102",
        "trans-render": "0.0.958"
      }
    },
    "node_modules/be-a-beacon/node_modules/mount-observer": {
      "version": "0.0.102",
      "resolved": "https://registry.npmjs.org/mount-observer/-/mount-observer-0.0.102.tgz",
      "integrity": "sha512-nq10psatsKhYwe5Ps8shSmMwMxlpQCMQbOVVtCPWLDOgwtFnUwFmey8N0XpGck3wC6M0Q8INlF/Wl2zFD0y0tg==",
      "license": "MIT"
    },
    "node_modules/be-a-beacon/node_modules/trans-render": {
      "version": "0.0.958",
      "resolved": "https://registry.npmjs.org/trans-render/-/trans-render-0.0.958.tgz",
      "integrity": "sha512-OlPKCCaMcuj3gg4iUrZIyrRQ69wqsi/sEYXxbz5unyQUSb5RfDzHyLPM5Mdok+vf9pX81jAPjIxcVRXtl3WQgQ==",
      "license": "MIT",
      "dependencies": {
        "mount-observer": "0.0.102"
      }
    },
    "node_modules/be-based": {
      "version": "0.0.74",
      "resolved": "https://registry.npmjs.org/be-based/-/be-based-0.0.74.tgz",
      "integrity": "sha512-89gnAZz4nGM1ICV7gPzlNBaO/DwLj79zjtEm58hr6VbKY98cJJ87aZor7JlFfUKL3EfEOfo0K1XdnKNCnDuOQw==",
      "license": "MIT",
      "dependencies": {
        "be-enhanced": "0.0.189",
        "be-hive": "0.0.267",
        "mount-observer": "0.0.105",
        "trans-render": "0.0.960"
      }
    },
    "node_modules/be-enhanced": {
      "version": "0.0.189",
      "resolved": "https://registry.npmjs.org/be-enhanced/-/be-enhanced-0.0.189.tgz",
      "integrity": "sha512-SLvTPwRoLs7FBxyfQX0/fCMB0QYRJsmWTbOeh47t1a7/SWMeToOkNGtH8Z6fLATdDZvPNHqGgb/uOa2Hyblynw==",
      "license": "MIT",
      "dependencies": {
        "trans-render": "0.0.960"
      }
    },
    "node_modules/be-hive": {
      "version": "0.0.267",
      "resolved": "https://registry.npmjs.org/be-hive/-/be-hive-0.0.267.tgz",
      "integrity": "sha512-ss2xoJdyvwKli+5qC31GFElz64xQHHwB0SiRt3HGFiTAoxi2KGGMFm26A7BVx85glHuJnux6WFC/1CHx9yZTBQ==",
      "license": "MIT",
      "dependencies": {
        "be-enhanced": "0.0.189",
        "mount-observer": "0.0.105",
        "trans-render": "0.0.960"
      }
    },
    "node_modules/be-written": {
      "version": "0.0.63",
      "resolved": "https://registry.npmjs.org/be-written/-/be-written-0.0.63.tgz",
      "integrity": "sha512-lYLfi+KvqwjkaJGNaSuZ9nDKQReqp8X6TslROMXHykbQkMBtnvtBCM7yhukNCz1HsETzijsX3G6wrivINsk+IQ==",
      "license": "MIT",
      "dependencies": {
        "be-a-beacon": "0.0.75",
        "be-based": "0.0.74",
        "be-enhanced": "0.0.189",
        "be-hive": "0.0.267",
        "stream-orator": "0.0.25",
        "trans-render": "0.0.960"
      }
    },
    "node_modules/blow-dry": {
      "version": "0.0.12",
      "resolved": "https://registry.npmjs.org/blow-dry/-/blow-dry-0.0.12.tgz",
      "integrity": "sha512-8pp1hT7sm4wNHLrHJuX8evLm/VXFCLBT3v/c5HvLq/84sZrRP2ouVr5STcR9+KZ+78QBKYMTrY82FQ6F4/ZRIg==",
      "license": "MIT",
      "dependencies": {
        "mount-observer": "0.0.102"
      }
    },
    "node_modules/blow-dry/node_modules/mount-observer": {
      "version": "0.0.102",
      "resolved": "https://registry.npmjs.org/mount-observer/-/mount-observer-0.0.102.tgz",
      "integrity": "sha512-nq10psatsKhYwe5Ps8shSmMwMxlpQCMQbOVVtCPWLDOgwtFnUwFmey8N0XpGck3wC6M0Q8INlF/Wl2zFD0y0tg==",
      "license": "MIT"
    },
    "node_modules/fsevents": {
      "version": "2.3.2",
      "resolved": "https://registry.npmjs.org/fsevents/-/fsevents-2.3.2.tgz",
      "integrity": "sha512-xiqMQR4xAeHTuB9uWm+fFRcIOgKBMiOBP+eXiyT7jsgVCq1bkVygt00oASowB7EdtpOHaaPgKt812P9ab+DDKA==",
      "dev": true,
      "hasInstallScript": true,
      "license": "MIT",
      "optional": true,
      "os": [
        "darwin"
      ],
      "engines": {
        "node": "^8.16.0 || ^10.6.0 || >=11.0.0"
      }
    },
    "node_modules/mount-observer": {
      "version": "0.0.105",
      "resolved": "https://registry.npmjs.org/mount-observer/-/mount-observer-0.0.105.tgz",
      "integrity": "sha512-CC50i6eO3wbmjzVvUPcOcyJ7O2wggRiOrC3TO4LGLkJaiJQGWkfr8pX/4rqi+mY2PK96uPjGd1mhAwS1tEEvHQ==",
      "license": "MIT"
    },
    "node_modules/playwright": {
      "version": "1.55.1",
      "resolved": "https://registry.npmjs.org/playwright/-/playwright-1.55.1.tgz",
      "integrity": "sha512-cJW4Xd/G3v5ovXtJJ52MAOclqeac9S/aGGgRzLabuF8TnIb6xHvMzKIa6JmrRzUkeXJgfL1MhukP0NK6l39h3A==",
      "dev": true,
      "license": "Apache-2.0",
      "dependencies": {
        "playwright-core": "1.55.1"
      },
      "bin": {
        "playwright": "cli.js"
      },
      "engines": {
        "node": ">=18"
      },
      "optionalDependencies": {
        "fsevents": "2.3.2"
      }
    },
    "node_modules/playwright-core": {
      "version": "1.55.1",
      "resolved": "https://registry.npmjs.org/playwright-core/-/playwright-core-1.55.1.tgz",
      "integrity": "sha512-Z6Mh9mkwX+zxSlHqdr5AOcJnfp+xUWLCt9uKV18fhzA8eyxUd8NUWzAjxUh55RZKSYwDGX0cfaySdhZJGMoJ+w==",
      "dev": true,
      "license": "Apache-2.0",
      "bin": {
        "playwright-core": "cli.js"
      },
      "engines": {
        "node": ">=18"
      }
    },
    "node_modules/spa-ssi": {
      "version": "0.0.23",
      "resolved": "https://registry.npmjs.org/spa-ssi/-/spa-ssi-0.0.23.tgz",
      "integrity": "sha512-lNsSvh0TR67srLVxmPuc5nfI944fZNdrppG6ZqF19K+F5QQfVng/hfZLYQygwFljtD/ah7oPY7xG7os+FzyYwQ==",
      "dev": true,
      "license": "MIT"
    },
    "node_modules/stream-orator": {
      "version": "0.0.25",
      "resolved": "https://registry.npmjs.org/stream-orator/-/stream-orator-0.0.25.tgz",
      "integrity": "sha512-0xOrrSaLErJprl/MlzOC/UQrIb0b/HwOT0kCiaAuNSGktjG9r6kBenft5yRBdZWtq2BpWdrYohcfaf6aGO07LQ==",
      "license": "MIT"
    },
    "node_modules/trans-render": {
      "version": "0.0.960",
      "resolved": "https://registry.npmjs.org/trans-render/-/trans-render-0.0.960.tgz",
      "integrity": "sha512-Z3j27xwGj9NV9KnFbNbRN1DYJkHtsu0BuJEg9fw2W7QBxjcv/YGePqU+j0TGEHxTwzsgZ95LxD8QC2iPxnJdCw==",
      "license": "MIT",
      "dependencies": {
        "mount-observer": "0.0.105"
      }
    },
    "node_modules/xtal-element": {
      "version": "0.0.634",
      "resolved": "https://registry.npmjs.org/xtal-element/-/xtal-element-0.0.634.tgz",
      "integrity": "sha512-A3J44fQ3o80dNXF2DK4Vg2e8vCr7KXy6stAmIymfS/uhe4GO8DUyD5XV7gVidT3hWlby7/jDpKNZp79+5WuZig==",
      "license": "MIT",
      "dependencies": {
        "blow-dry": "0.0.12",
        "trans-render": "0.0.960"
      }
    }
  }
}
