{
  "name": "be-importing",
  "version": "0.0.0",
  "lockfileVersion": 2,
  "requires": true,
  "packages": {
    "": {
      "name": "be-importing",
      "version": "0.0.0",
      "license": "MIT",
      "dependencies": {
        "be-decorated": "0.0.57",
        "be-hive": "0.0.16"
      }
    },
    "node_modules/be-decorated": {
      "version": "0.0.57",
      "resolved": "https://registry.npmjs.org/be-decorated/-/be-decorated-0.0.57.tgz",
      "integrity": "sha512-rc7EIRlJ1YyHmHAQcMF8do4a3ucN0EzY+1Mb//02XrLdjRMpL6v40zoMPHddxjafcAz4hw99gZ6i5CGREVOUeQ==",
      "dependencies": {
        "trans-render": "0.0.442",
        "xtal-element": "0.0.457"
      }
    },
    "node_modules/be-hive": {
      "version": "0.0.16",
      "resolved": "https://registry.npmjs.org/be-hive/-/be-hive-0.0.16.tgz",
      "integrity": "sha512-AYqmtO3NGphCT6IKVAVjmT92HQ+JwwdVGHXMMmzm3kQx3NUXKedhJPnj68xtuD6wmPkEFl9zMTS9aob3r2An4g==",
      "dependencies": {
        "xtal-element": "0.0.457"
      }
    },
    "node_modules/trans-render": {
      "version": "0.0.442",
      "resolved": "https://registry.npmjs.org/trans-render/-/trans-render-0.0.442.tgz",
      "integrity": "sha512-rPJRt1e5Siali/yFNan+yA7Zx26/LShVkz1G5m7r/uEma5O44qhwLU2aXtX3Max8DAsSsYNboZZyKD3HZWGTiA=="
    },
    "node_modules/xtal-element": {
      "version": "0.0.457",
      "resolved": "https://registry.npmjs.org/xtal-element/-/xtal-element-0.0.457.tgz",
      "integrity": "sha512-Em6BpaSews7sk3rxTzownwblfG66gmecQacL582ZENqTx2/yVB61rgcv7khkrGISgXxtOWVETIzhggH+SQLZrg==",
      "dependencies": {
        "trans-render": "0.0.442"
      }
    }
  },
  "dependencies": {
    "be-decorated": {
      "version": "0.0.57",
      "resolved": "https://registry.npmjs.org/be-decorated/-/be-decorated-0.0.57.tgz",
      "integrity": "sha512-rc7EIRlJ1YyHmHAQcMF8do4a3ucN0EzY+1Mb//02XrLdjRMpL6v40zoMPHddxjafcAz4hw99gZ6i5CGREVOUeQ==",
      "requires": {
        "trans-render": "0.0.442",
        "xtal-element": "0.0.457"
      }
    },
    "be-hive": {
      "version": "0.0.16",
      "resolved": "https://registry.npmjs.org/be-hive/-/be-hive-0.0.16.tgz",
      "integrity": "sha512-AYqmtO3NGphCT6IKVAVjmT92HQ+JwwdVGHXMMmzm3kQx3NUXKedhJPnj68xtuD6wmPkEFl9zMTS9aob3r2An4g==",
      "requires": {
        "xtal-element": "0.0.457"
      }
    },
    "trans-render": {
      "version": "0.0.442",
      "resolved": "https://registry.npmjs.org/trans-render/-/trans-render-0.0.442.tgz",
      "integrity": "sha512-rPJRt1e5Siali/yFNan+yA7Zx26/LShVkz1G5m7r/uEma5O44qhwLU2aXtX3Max8DAsSsYNboZZyKD3HZWGTiA=="
    },
    "xtal-element": {
      "version": "0.0.457",
      "resolved": "https://registry.npmjs.org/xtal-element/-/xtal-element-0.0.457.tgz",
      "integrity": "sha512-Em6BpaSews7sk3rxTzownwblfG66gmecQacL582ZENqTx2/yVB61rgcv7khkrGISgXxtOWVETIzhggH+SQLZrg==",
      "requires": {
        "trans-render": "0.0.442"
      }
    }
  }
}
