{
  "name": "be-importing",
  "version": "0.0.101",
  "lockfileVersion": 3,
  "requires": true,
  "packages": {
    "": {
      "name": "be-importing",
      "version": "0.0.101",
      "license": "MIT",
      "dependencies": {
        "be-enhanced": "0.0.189",
        "be-hive": "0.0.267",
        "be-written": "0.0.64",
        "trans-render": "0.0.960",
        "xtal-element": "0.0.635"
      },
      "devDependencies": {
        "@playwright/test": "1.55.1",
        "spa-ssi": "0.0.23"
      }
    },
    "node_modules/@playwright/test": {
      "version": "1.55.1",
      "resolved": "https://registry.npmjs.org/@playwright/test/-/test-1.55.1.tgz",
      "integrity": "sha512-IVAh/nOJaw6W9g+RJVlIQJ6gSiER+ae6mKQ5CX1bERzQgbC1VSeBlwdvczT7pxb0GWiyrxH4TGKbMfDb4Sq/ig==",
      "dev": true,
      "license": "Apache-2.0",
      "dependencies": {
        "playwright": "1.55.1"
      },
      "bin": {
        "playwright": "cli.js"
      },
      "engines": {
        "node": ">=18"
      }
    },
    "node_modules/be-a-beacon": {
      "version": "0.0.76",
      "resolved": "https://registry.npmjs.org/be-a-beacon/-/be-a-beacon-0.0.76.tgz",
      "integrity": "sha512-s/915MZPbbCbcJ8k254Frlz5fkM5rOqVGCSu5syn+cDMsy5DgAHIfBfS0msJMiNH9xrhjb2UZdlolQJg+Yr2OA==",
      "license": "MIT",
      "dependencies": {
        "be-enhanced": "0.0.189",
        "be-hive": "0.0.267",
        "mount-observer": "0.0.105",
        "trans-render": "0.0.960"
      }
    },
    "node_modules/be-based": {
      "version": "0.0.74",
      "resolved": "https://registry.npmjs.org/be-based/-/be-based-0.0.74.tgz",
      "integrity": "sha512-89gnAZz4nGM1ICV7gPzlNBaO/DwLj79zjtEm58hr6VbKY98cJJ87aZor7JlFfUKL3EfEOfo0K1XdnKNCnDuOQw==",
      "license": "MIT",
      "dependencies": {
        "be-enhanced": "0.0.189",
        "be-hive": "0.0.267",
        "mount-observer": "0.0.105",
        "trans-render": "0.0.960"
      }
    },
    "node_modules/be-enhanced": {
      "version": "0.0.189",
      "resolved": "https://registry.npmjs.org/be-enhanced/-/be-enhanced-0.0.189.tgz",
      "integrity": "sha512-SLvTPwRoLs7FBxyfQX0/fCMB0QYRJsmWTbOeh47t1a7/SWMeToOkNGtH8Z6fLATdDZvPNHqGgb/uOa2Hyblynw==",
      "license": "MIT",
      "dependencies": {
        "trans-render": "0.0.960"
      }
    },
    "node_modules/be-hive": {
      "version": "0.0.267",
      "resolved": "https://registry.npmjs.org/be-hive/-/be-hive-0.0.267.tgz",
      "integrity": "sha512-ss2xoJdyvwKli+5qC31GFElz64xQHHwB0SiRt3HGFiTAoxi2KGGMFm26A7BVx85glHuJnux6WFC/1CHx9yZTBQ==",
      "license": "MIT",
      "dependencies": {
        "be-enhanced": "0.0.189",
        "mount-observer": "0.0.105",
        "trans-render": "0.0.960"
      }
    },
    "node_modules/be-written": {
      "version": "0.0.64",
      "resolved": "https://registry.npmjs.org/be-written/-/be-written-0.0.64.tgz",
      "integrity": "sha512-5jYnvj823qgBiIjyr3+haJ3S2NB03ASlGgxzBKCIDh/bofzTzsLVz+z3v1nyvOqZAgRR8ALiX1L8vaT23UL9dw==",
      "license": "MIT",
      "dependencies": {
        "be-a-beacon": "0.0.76",
        "be-based": "0.0.74",
        "be-enhanced": "0.0.189",
        "be-hive": "0.0.267",
        "stream-orator": "0.0.25",
        "trans-render": "0.0.960"
      }
    },
    "node_modules/blow-dry": {
      "version": "0.0.14",
      "resolved": "https://registry.npmjs.org/blow-dry/-/blow-dry-0.0.14.tgz",
      "integrity": "sha512-7eqne1SkiJMGLt5BvzsNlK7gtPu9ZECv8xBLT8e7XoWzN6CZmJcsIiVNhXKO0ZuLfWvrjdiQRlcFGZwiW55WHA==",
      "license": "MIT",
      "dependencies": {
        "mount-observer": "0.0.105"
      }
    },
    "node_modules/fsevents": {
      "version": "2.3.2",
      "resolved": "https://registry.npmjs.org/fsevents/-/fsevents-2.3.2.tgz",
      "integrity": "sha512-xiqMQR4xAeHTuB9uWm+fFRcIOgKBMiOBP+eXiyT7jsgVCq1bkVygt00oASowB7EdtpOHaaPgKt812P9ab+DDKA==",
      "dev": true,
      "hasInstallScript": true,
      "license": "MIT",
      "optional": true,
      "os": [
        "darwin"
      ],
      "engines": {
        "node": "^8.16.0 || ^10.6.0 || >=11.0.0"
      }
    },
    "node_modules/mount-observer": {
      "version": "0.0.105",
      "resolved": "https://registry.npmjs.org/mount-observer/-/mount-observer-0.0.105.tgz",
      "integrity": "sha512-CC50i6eO3wbmjzVvUPcOcyJ7O2wggRiOrC3TO4LGLkJaiJQGWkfr8pX/4rqi+mY2PK96uPjGd1mhAwS1tEEvHQ==",
      "license": "MIT"
    },
    "node_modules/playwright": {
      "version": "1.55.1",
      "resolved": "https://registry.npmjs.org/playwright/-/playwright-1.55.1.tgz",
      "integrity": "sha512-cJW4Xd/G3v5ovXtJJ52MAOclqeac9S/aGGgRzLabuF8TnIb6xHvMzKIa6JmrRzUkeXJgfL1MhukP0NK6l39h3A==",
      "dev": true,
      "license": "Apache-2.0",
      "dependencies": {
        "playwright-core": "1.55.1"
      },
      "bin": {
        "playwright": "cli.js"
      },
      "engines": {
        "node": ">=18"
      },
      "optionalDependencies": {
        "fsevents": "2.3.2"
      }
    },
    "node_modules/playwright-core": {
      "version": "1.55.1",
      "resolved": "https://registry.npmjs.org/playwright-core/-/playwright-core-1.55.1.tgz",
      "integrity": "sha512-Z6Mh9mkwX+zxSlHqdr5AOcJnfp+xUWLCt9uKV18fhzA8eyxUd8NUWzAjxUh55RZKSYwDGX0cfaySdhZJGMoJ+w==",
      "dev": true,
      "license": "Apache-2.0",
      "bin": {
        "playwright-core": "cli.js"
      },
      "engines": {
        "node": ">=18"
      }
    },
    "node_modules/spa-ssi": {
      "version": "0.0.23",
      "resolved": "https://registry.npmjs.org/spa-ssi/-/spa-ssi-0.0.23.tgz",
      "integrity": "sha512-lNsSvh0TR67srLVxmPuc5nfI944fZNdrppG6ZqF19K+F5QQfVng/hfZLYQygwFljtD/ah7oPY7xG7os+FzyYwQ==",
      "dev": true,
      "license": "MIT"
    },
    "node_modules/stream-orator": {
      "version": "0.0.25",
      "resolved": "https://registry.npmjs.org/stream-orator/-/stream-orator-0.0.25.tgz",
      "integrity": "sha512-0xOrrSaLErJprl/MlzOC/UQrIb0b/HwOT0kCiaAuNSGktjG9r6kBenft5yRBdZWtq2BpWdrYohcfaf6aGO07LQ==",
      "license": "MIT"
    },
    "node_modules/trans-render": {
      "version": "0.0.960",
      "resolved": "https://registry.npmjs.org/trans-render/-/trans-render-0.0.960.tgz",
      "integrity": "sha512-Z3j27xwGj9NV9KnFbNbRN1DYJkHtsu0BuJEg9fw2W7QBxjcv/YGePqU+j0TGEHxTwzsgZ95LxD8QC2iPxnJdCw==",
      "license": "MIT",
      "dependencies": {
        "mount-observer": "0.0.105"
      }
    },
    "node_modules/xtal-element": {
      "version": "0.0.635",
      "resolved": "https://registry.npmjs.org/xtal-element/-/xtal-element-0.0.635.tgz",
      "integrity": "sha512-AWWUrcBs8pN/rt3ER1RcTGcAadb2fMyiwoXyCuMfifeLhzJ8AwMoh5wNRaLUWbJ/HQxx791r+F2SO6WR9DlIdQ==",
      "license": "MIT",
      "dependencies": {
        "blow-dry": "0.0.14",
        "trans-render": "0.0.960"
      }
    }
  }
}
